PODS:
  - Flutter (1.0.0)
  - flutter_ijkplayer (0.0.1):
    - Flutter
    - FlutterIJK (~> 0.1.0)
  - FlutterIJK (0.1.0)
  - FMDB (2.7.5):
    - FMDB/standard (= 2.7.5)
  - FMDB/standard (2.7.5)
  - path_provider (0.0.1):
    - Flutter
  - path_provider_linux (0.0.1):
    - Flutter
  - path_provider_macos (0.0.1):
    - Flutter
  - path_provider_windows (0.0.1):
    - Flutter
  - share (0.0.1):
    - Flutter
  - sqflite (0.0.1):
    - Flutter
    - FMDB (~> 2.7.2)

DEPENDENCIES:
  - Flutter (from `.symlinks/flutter/ios`)
  - "flutter_ijkplayer (from `/Users/fh91452/flutter/.pub-cache/hosted/pub.dartlang.org/flutter_ijkplayer-0.3.5+1/ios/flutter_ijkplayer.podspec`)"
  - path_provider (from `/Users/fh91452/flutter/.pub-cache/hosted/pub.dartlang.org/path_provider-1.6.21/ios/path_provider.podspec`)
  - "path_provider_linux (from `/Users/fh91452/flutter/.pub-cache/hosted/pub.dartlang.org/path_provider_linux-0.0.1+2/ios/path_provider_linux.podspec`)"
  - "path_provider_macos (from `/Users/fh91452/flutter/.pub-cache/hosted/pub.dartlang.org/path_provider_macos-0.0.4+4/ios/path_provider_macos.podspec`)"
  - "path_provider_windows (from `/Users/fh91452/flutter/.pub-cache/hosted/pub.dartlang.org/path_provider_windows-0.0.4+1/ios/path_provider_windows.podspec`)"
  - "share (from `/Users/fh91452/flutter/.pub-cache/hosted/pub.dartlang.org/share-0.6.5+3/ios/share.podspec`)"
  - "sqflite (from `/Users/fh91452/flutter/.pub-cache/hosted/pub.dartlang.org/sqflite-1.3.1+1/ios/sqflite.podspec`)"

SPEC REPOS:
  https://github.com/CocoaPods/Specs.git:
    - FlutterIJK
  trunk:
    - FMDB

EXTERNAL SOURCES:
  Flutter:
    :path: ".symlinks/flutter/ios"
  flutter_ijkplayer:
    :path: "/Users/fh91452/flutter/.pub-cache/hosted/pub.dartlang.org/flutter_ijkplayer-0.3.5+1/ios/flutter_ijkplayer.podspec"
  path_provider:
    :path: "/Users/fh91452/flutter/.pub-cache/hosted/pub.dartlang.org/path_provider-1.6.21/ios/path_provider.podspec"
  path_provider_linux:
    :path: "/Users/fh91452/flutter/.pub-cache/hosted/pub.dartlang.org/path_provider_linux-0.0.1+2/ios/path_provider_linux.podspec"
  path_provider_macos:
    :path: "/Users/fh91452/flutter/.pub-cache/hosted/pub.dartlang.org/path_provider_macos-0.0.4+4/ios/path_provider_macos.podspec"
  path_provider_windows:
    :path: "/Users/fh91452/flutter/.pub-cache/hosted/pub.dartlang.org/path_provider_windows-0.0.4+1/ios/path_provider_windows.podspec"
  share:
    :path: "/Users/fh91452/flutter/.pub-cache/hosted/pub.dartlang.org/share-0.6.5+3/ios/share.podspec"
  sqflite:
    :path: "/Users/fh91452/flutter/.pub-cache/hosted/pub.dartlang.org/sqflite-1.3.1+1/ios/sqflite.podspec"

SPEC CHECKSUMS:
  Flutter: 0e3d915762c693b495b44d77113d4970485de6ec
  flutter_ijkplayer: ef9006131553deb6d8ae6d7fbd3bcbf93b135930
  FlutterIJK: 68b00c1d11162b5016f3611853aa699e198bd1d2
  FMDB: 2ce00b547f966261cd18927a3ddb07cb6f3db82a
  path_provider: abfe2b5c733d04e238b0d8691db0cfd63a27a93c
  path_provider_linux: 4d630dc393e1f20364f3e3b4a2ff41d9674a84e4
  path_provider_macos: f760a3c5b04357c380e2fddb6f9db6f3015897e0
  path_provider_windows: a2b81600c677ac1959367280991971cb9a1edb3b
  share: 0b2c3e82132f5888bccca3351c504d0003b3b410
  sqflite: 4001a31ff81d210346b500c55b17f4d6c7589dd0

PODFILE CHECKSUM: fa316026841dc32a68775b41c2a23f7ecb559f13

COCOAPODS: 1.9.3
